
Microsoft Visual Studio Solution File, Format Version 12.00
# Visual Studio Version 16
VisualStudioVersion = 16.0.31005.135
MinimumVisualStudioVersion = 10.0.40219.1
Project("{FAE04EC0-301F-11D3-BF4B-00C04F79EFBC}") = "MyScriptureJournal", "MyScriptureJournal\MyScriptureJournal.csproj", "{03E42773-A573-4A61-9B88-7519787A3855}"
EndProject
Global
	GlobalSection(SolutionConfigurationPlatforms) = preSolution
		Debug|Any CPU = Debug|Any CPU
		Release|Any CPU = Release|Any CPU
	EndGlobalSection
	GlobalSection(ProjectConfigurationPlatforms) = postSolution
		{03E42773-A573-4A61-9B88-7519787A3855}.Debug|Any CPU.ActiveCfg = Debug|Any CPU
		{03E42773-A573-4A61-9B88-7519787A3855}.Debug|Any CPU.Build.0 = Debug|Any CPU
		{03E42773-A573-4A61-9B88-7519787A3855}.Release|Any CPU.ActiveCfg = Release|Any CPU
		{03E42773-A573-4A61-9B88-7519787A3855}.Release|Any CPU.Build.0 = Release|Any CPU
	EndGlobalSection
	GlobalSection(SolutionProperties) = preSolution
		HideSolutionNode = FALSE
	EndGlobalSection
	GlobalSection(ExtensibilityGlobals) = postSolution
		SolutionGuid = {B3C040B4-802D-4E47-AB0C-0F11E630EC29}
	EndGlobalSection
EndGlobal
